
Microsoft Visual Studio Solution File, Format Version 12.00
# Visual Studio Version 17
VisualStudioVersion = 17.6.33712.159
MinimumVisualStudioVersion = 10.0.40219.1
Project("{8BC9CEB8-8B4A-11D0-8D11-00A0C91BC942}") = "lab_oop_4", "lab_oop_4\lab_oop_4.vcxproj", "{431525CB-01B1-4228-91ED-1CA1FE57DE51}"
EndProject
Global
	GlobalSection(SolutionConfigurationPlatforms) = preSolution
		Debug|x64 = Debug|x64
		Debug|x86 = Debug|x86
		Release|x64 = Release|x64
		Release|x86 = Release|x86
	EndGlobalSection
	GlobalSection(ProjectConfigurationPlatforms) = postSolution
		{431525CB-01B1-4228-91ED-1CA1FE57DE51}.Debug|x64.ActiveCfg = Debug|x64
		{431525CB-01B1-4228-91ED-1CA1FE57DE51}.Debug|x64.Build.0 = Debug|x64
		{431525CB-01B1-4228-91ED-1CA1FE57DE51}.Debug|x86.ActiveCfg = Debug|Win32
		{431525CB-01B1-4228-91ED-1CA1FE57DE51}.Debug|x86.Build.0 = Debug|Win32
		{431525CB-01B1-4228-91ED-1CA1FE57DE51}.Release|x64.ActiveCfg = Release|x64
		{431525CB-01B1-4228-91ED-1CA1FE57DE51}.Release|x64.Build.0 = Release|x64
		{431525CB-01B1-4228-91ED-1CA1FE57DE51}.Release|x86.ActiveCfg = Release|Win32
		{431525CB-01B1-4228-91ED-1CA1FE57DE51}.Release|x86.Build.0 = Release|Win32
	EndGlobalSection
	GlobalSection(SolutionProperties) = preSolution
		HideSolutionNode = FALSE
	EndGlobalSection
	GlobalSection(ExtensibilityGlobals) = postSolution
		SolutionGuid = {0288E2BC-C608-4C1E-9CC9-61C3A91D1B73}
	EndGlobalSection
EndGlobal
